
Microsoft Visual Studio Solution File, Format Version 12.00
# Visual Studio Version 16
VisualStudioVersion = 16.0.31112.23
MinimumVisualStudioVersion = 10.0.40219.1
Project("{9A19103F-16F7-4668-BE54-9A1E7A4F7556}") = "ConsoleApp2", "ConsoleApp2.csproj", "{D7D3A3F3-A8C0-48DD-9AFD-D8EB32B328EC}"
EndProject
Project("{FAE04EC0-301F-11D3-BF4B-00C04F79EFBC}") = "FileApplication", "..\FileApplication\FileApplication.csproj", "{0E83AEB4-4F2D-460E-9D1D-BDA36CF244D5}"
EndProject
Global
	GlobalSection(SolutionConfigurationPlatforms) = preSolution
		Debug|Any CPU = Debug|Any CPU
		Release|Any CPU = Release|Any CPU
	EndGlobalSection
	GlobalSection(ProjectConfigurationPlatforms) = postSolution
		{D7D3A3F3-A8C0-48DD-9AFD-D8EB32B328EC}.Debug|Any CPU.ActiveCfg = Debug|Any CPU
		{D7D3A3F3-A8C0-48DD-9AFD-D8EB32B328EC}.Debug|Any CPU.Build.0 = Debug|Any CPU
		{D7D3A3F3-A8C0-48DD-9AFD-D8EB32B328EC}.Release|Any CPU.ActiveCfg = Release|Any CPU
		{D7D3A3F3-A8C0-48DD-9AFD-D8EB32B328EC}.Release|Any CPU.Build.0 = Release|Any CPU
		{0E83AEB4-4F2D-460E-9D1D-BDA36CF244D5}.Debug|Any CPU.ActiveCfg = Debug|Any CPU
		{0E83AEB4-4F2D-460E-9D1D-BDA36CF244D5}.Debug|Any CPU.Build.0 = Debug|Any CPU
		{0E83AEB4-4F2D-460E-9D1D-BDA36CF244D5}.Release|Any CPU.ActiveCfg = Release|Any CPU
		{0E83AEB4-4F2D-460E-9D1D-BDA36CF244D5}.Release|Any CPU.Build.0 = Release|Any CPU
	EndGlobalSection
	GlobalSection(SolutionProperties) = preSolution
		HideSolutionNode = FALSE
	EndGlobalSection
	GlobalSection(ExtensibilityGlobals) = postSolution
		SolutionGuid = {D1815DE3-380B-49F6-B0F4-EC2760904379}
	EndGlobalSection
EndGlobal
