
Microsoft Visual Studio Solution File, Format Version 12.00
# Visual Studio Version 16
VisualStudioVersion = 16.0.31112.23
MinimumVisualStudioVersion = 10.0.40219.1
Project("{FAE04EC0-301F-11D3-BF4B-00C04F79EFBC}") = "WinFormsApp1", "WinFormsApp1\WinFormsApp1.csproj", "{F339C04C-CCEF-42B7-97F3-08F9A3972D71}"
EndProject
Global
	GlobalSection(SolutionConfigurationPlatforms) = preSolution
		Debug|Any CPU = Debug|Any CPU
		Release|Any CPU = Release|Any CPU
	EndGlobalSection
	GlobalSection(ProjectConfigurationPlatforms) = postSolution
		{F339C04C-CCEF-42B7-97F3-08F9A3972D71}.Debug|Any CPU.ActiveCfg = Debug|Any CPU
		{F339C04C-CCEF-42B7-97F3-08F9A3972D71}.Debug|Any CPU.Build.0 = Debug|Any CPU
		{F339C04C-CCEF-42B7-97F3-08F9A3972D71}.Release|Any CPU.ActiveCfg = Release|Any CPU
		{F339C04C-CCEF-42B7-97F3-08F9A3972D71}.Release|Any CPU.Build.0 = Release|Any CPU
	EndGlobalSection
	GlobalSection(SolutionProperties) = preSolution
		HideSolutionNode = FALSE
	EndGlobalSection
	GlobalSection(ExtensibilityGlobals) = postSolution
		SolutionGuid = {295D7FAD-DAA0-4750-AB32-F7AA391F5C0C}
	EndGlobalSection
EndGlobal
