
Microsoft Visual Studio Solution File, Format Version 12.00
# Visual Studio Version 16
VisualStudioVersion = 16.0.31205.134
MinimumVisualStudioVersion = 10.0.40219.1
Project("{FAE04EC0-301F-11D3-BF4B-00C04F79EFBC}") = "Quantrivien", "Quantrivien\Quantrivien.csproj", "{EB6CAC0D-8E1C-43A2-ABC0-B0B84778E00E}"
EndProject
Global
	GlobalSection(SolutionConfigurationPlatforms) = preSolution
		Debug|Any CPU = Debug|Any CPU
		Release|Any CPU = Release|Any CPU
	EndGlobalSection
	GlobalSection(ProjectConfigurationPlatforms) = postSolution
		{EB6CAC0D-8E1C-43A2-ABC0-B0B84778E00E}.Debug|Any CPU.ActiveCfg = Debug|Any CPU
		{EB6CAC0D-8E1C-43A2-ABC0-B0B84778E00E}.Debug|Any CPU.Build.0 = Debug|Any CPU
		{EB6CAC0D-8E1C-43A2-ABC0-B0B84778E00E}.Release|Any CPU.ActiveCfg = Release|Any CPU
		{EB6CAC0D-8E1C-43A2-ABC0-B0B84778E00E}.Release|Any CPU.Build.0 = Release|Any CPU
	EndGlobalSection
	GlobalSection(SolutionProperties) = preSolution
		HideSolutionNode = FALSE
	EndGlobalSection
	GlobalSection(ExtensibilityGlobals) = postSolution
		SolutionGuid = {AE8543BA-C70E-401A-AF42-C0589B53C4C3}
	EndGlobalSection
EndGlobal
